{
  "name": "@elbwalker/eventpipe",
  "version": "0.0.7",
  "lockfileVersion": 3,
  "requires": true,
  "packages": {
    "": {
      "name": "@elbwalker/eventpipe",
      "version": "0.0.7",
      "license": "MIT",
      "dependencies": {
        "@elbwalker/walker.js": "^1.6.4"
      }
    },
    "node_modules/@elbwalker/walker.js": {
      "version": "1.6.4",
      "resolved": "https://registry.npmjs.org/@elbwalker/walker.js/-/walker.js-1.6.4.tgz",
      "integrity": "sha512-EnNGCI41CNACLMQZXvfs/EQFuYw3rhNStYZcGDcjjZu6Ny2NcZc5h0OGLyjViR7OVfacn3/92iO26BNyk8QgAQ==",
      "funding": [
        {
          "type": "GitHub Sponsors",
          "url": "https://github.com/sponsors/elbwalker"
        }
      ]
    }
  }
}
